
Microsoft Visual Studio Solution File, Format Version 12.00
# Visual Studio Version 17
VisualStudioVersion = 17.7.34009.444
MinimumVisualStudioVersion = 10.0.40219.1
Project("{FAE04EC0-301F-11D3-BF4B-00C04F79EFBC}") = "EmployeeManager", "EmployeeManager\EmployeeManager.csproj", "{128B6E16-4697-4C6F-9302-9C0CCA1C3499}"
EndProject
Global
	GlobalSection(SolutionConfigurationPlatforms) = preSolution
		Debug|Any CPU = Debug|Any CPU
		Release|Any CPU = Release|Any CPU
	EndGlobalSection
	GlobalSection(ProjectConfigurationPlatforms) = postSolution
		{128B6E16-4697-4C6F-9302-9C0CCA1C3499}.Debug|Any CPU.ActiveCfg = Debug|Any CPU
		{128B6E16-4697-4C6F-9302-9C0CCA1C3499}.Debug|Any CPU.Build.0 = Debug|Any CPU
		{128B6E16-4697-4C6F-9302-9C0CCA1C3499}.Release|Any CPU.ActiveCfg = Release|Any CPU
		{128B6E16-4697-4C6F-9302-9C0CCA1C3499}.Release|Any CPU.Build.0 = Release|Any CPU
	EndGlobalSection
	GlobalSection(SolutionProperties) = preSolution
		HideSolutionNode = FALSE
	EndGlobalSection
	GlobalSection(ExtensibilityGlobals) = postSolution
		SolutionGuid = {3A7DEF2C-A69A-421D-8B9E-CC3F6C7D717C}
	EndGlobalSection
EndGlobal
